
Microsoft Visual Studio Solution File, Format Version 12.00
# Visual Studio Version 17
VisualStudioVersion = 17.6.33829.357
MinimumVisualStudioVersion = 10.0.40219.1
Project("{9A19103F-16F7-4668-BE54-9A1E7A4F7556}") = "Umbraco.Cms.Demo", "Umbraco.Cms.Demo\Umbraco.Cms.Demo.csproj", "{B691DAD4-0160-4E52-B632-31E1316FAFB9}"
EndProject
Project("{9A19103F-16F7-4668-BE54-9A1E7A4F7556}") = "TinyMCE.Umbraco.Premium", "TinyMCE.Umbraco.Premium\TinyMCE.Umbraco.Premium.csproj", "{21281601-1EA1-4DC3-86E3-37E572957011}"
EndProject
Global
	GlobalSection(SolutionConfigurationPlatforms) = preSolution
		Debug|Any CPU = Debug|Any CPU
		Release|Any CPU = Release|Any CPU
	EndGlobalSection
	GlobalSection(ProjectConfigurationPlatforms) = postSolution
		{B691DAD4-0160-4E52-B632-31E1316FAFB9}.Debug|Any CPU.ActiveCfg = Debug|Any CPU
		{B691DAD4-0160-4E52-B632-31E1316FAFB9}.Debug|Any CPU.Build.0 = Debug|Any CPU
		{B691DAD4-0160-4E52-B632-31E1316FAFB9}.Release|Any CPU.ActiveCfg = Release|Any CPU
		{B691DAD4-0160-4E52-B632-31E1316FAFB9}.Release|Any CPU.Build.0 = Release|Any CPU
		{21281601-1EA1-4DC3-86E3-37E572957011}.Debug|Any CPU.ActiveCfg = Debug|Any CPU
		{21281601-1EA1-4DC3-86E3-37E572957011}.Debug|Any CPU.Build.0 = Debug|Any CPU
		{21281601-1EA1-4DC3-86E3-37E572957011}.Release|Any CPU.ActiveCfg = Release|Any CPU
		{21281601-1EA1-4DC3-86E3-37E572957011}.Release|Any CPU.Build.0 = Release|Any CPU
	EndGlobalSection
	GlobalSection(SolutionProperties) = preSolution
		HideSolutionNode = FALSE
	EndGlobalSection
	GlobalSection(ExtensibilityGlobals) = postSolution
		SolutionGuid = {A93B652B-18E9-4ACD-B1DD-FA6C3B5D56DF}
	EndGlobalSection
EndGlobal
